// !$*UTF8*$!
{
	archiveVersion = 1;
	classes = {
	};
	objectVersion = 50;
	objects = {

/* Begin PBXBuildFile section */
		422195C422BD1D630083BF18 /* AppDelegate.swift in Sources */ = {isa = PBXBuildFile; fileRef = 422195C322BD1D630083BF18 /* AppDelegate.swift */; };
		422195C622BD1D630083BF18 /* ViewController.swift in Sources */ = {isa = PBXBuildFile; fileRef = 422195C522BD1D630083BF18 /* ViewController.swift */; };
		422195C922BD1D630083BF18 /* Main.storyboard in Resources */ = {isa = PBXBuildFile; fileRef = 422195C722BD1D630083BF18 /* Main.storyboard */; };
		422195CC22BD1D630083BF18 /* calculator.xcdatamodeld in Sources */ = {isa = PBXBuildFile; fileRef = 422195CA22BD1D630083BF18 /* calculator.xcdatamodeld */; };
		422195CE22BD1D640083BF18 /* Assets.xcassets in Resources */ = {isa = PBXBuildFile; fileRef = 422195CD22BD1D640083BF18 /* Assets.xcassets */; };
		422195D122BD1D640083BF18 /* LaunchScreen.storyboard in Resources */ = {isa = PBXBuildFile; fileRef = 422195CF22BD1D640083BF18 /* LaunchScreen.storyboard */; };
		422195DC22BD1D650083BF18 /* calculatorTests.swift in Sources */ = {isa = PBXBuildFile; fileRef = 422195DB22BD1D650083BF18 /* calculatorTests.swift */; };
		422195E722BD1D650083BF18 /* calculatorUITests.swift in Sources */ = {isa = PBXBuildFile; fileRef = 422195E622BD1D650083BF18 /* calculatorUITests.swift */; };
		4254381B22BE76A5004F1CCF /* ExpressionProccessor.swift in Sources */ = {isa = PBXBuildFile; fileRef = 4254381A22BE76A5004F1CCF /* ExpressionProccessor.swift */; };
		4254381D22BE7AD2004F1CCF /* String+Extensions.swift in Sources */ = {isa = PBXBuildFile; fileRef = 4254381C22BE7AD2004F1CCF /* String+Extensions.swift */; };
		428288AE22C16CC8002048F5 /* GraphView.swift in Sources */ = {isa = PBXBuildFile; fileRef = 428288AD22C16CC8002048F5 /* GraphView.swift */; };
		D14E26FCF02324E9EA13330D /* Pods_calculatorTests.framework in Frameworks */ = {isa = PBXBuildFile; fileRef = 4280CE6D90FF4A7FF8E84B94 /* Pods_calculatorTests.framework */; };
		FD8E7F8E57092D1419586AE9 /* Pods_calculator.framework in Frameworks */ = {isa = PBXBuildFile; fileRef = 141649D53F0F96D01F5D6CBD /* Pods_calculator.framework */; };
/* End PBXBuildFile section */

/* Begin PBXContainerItemProxy section */
		422195D822BD1D650083BF18 /* PBXContainerItemProxy */ = {
			isa = PBXContainerItemProxy;
			containerPortal = 422195B822BD1D630083BF18 /* Project object */;
			proxyType = 1;
			remoteGlobalIDString = 422195BF22BD1D630083BF18;
			remoteInfo = calculator;
		};
		422195E322BD1D650083BF18 /* PBXContainerItemProxy */ = {
			isa = PBXContainerItemProxy;
			containerPortal = 422195B822BD1D630083BF18 /* Project object */;
			proxyType = 1;
			remoteGlobalIDString = 422195BF22BD1D630083BF18;
			remoteInfo = calculator;
		};
/* End PBXContainerItemProxy section */

/* Begin PBXFileReference section */
		141649D53F0F96D01F5D6CBD /* Pods_calculator.framework */ = {isa = PBXFileReference; explicitFileType = wrapper.framework; includeInIndex = 0; path = Pods_calculator.framework; sourceTree = BUILT_PRODUCTS_DIR; };
		3A67CFD1554FCA8D030A1A2D /* Pods-calculatorTests.release.xcconfig */ = {isa = PBXFileReference; includeInIndex = 1; lastKnownFileType = text.xcconfig; name = "Pods-calculatorTests.release.xcconfig"; path = "../Pods/Target Support Files/Pods-calculatorTests/Pods-calculatorTests.release.xcconfig"; sourceTree = "<group>"; };
		422195C022BD1D630083BF18 /* calculator.app */ = {isa = PBXFileReference; explicitFileType = wrapper.application; includeInIndex = 0; path = calculator.app; sourceTree = BUILT_PRODUCTS_DIR; };
		422195C322BD1D630083BF18 /* AppDelegate.swift */ = {isa = PBXFileReference; lastKnownFileType = sourcecode.swift; path = AppDelegate.swift; sourceTree = "<group>"; };
		422195C522BD1D630083BF18 /* ViewController.swift */ = {isa = PBXFileReference; lastKnownFileType = sourcecode.swift; path = ViewController.swift; sourceTree = "<group>"; };
		422195C822BD1D630083BF18 /* Base */ = {isa = PBXFileReference; lastKnownFileType = file.storyboard; name = Base; path = Base.lproj/Main.storyboard; sourceTree = "<group>"; };
		422195CB22BD1D630083BF18 /* calculator.xcdatamodel */ = {isa = PBXFileReference; lastKnownFileType = wrapper.xcdatamodel; path = calculator.xcdatamodel; sourceTree = "<group>"; };
		422195CD22BD1D640083BF18 /* Assets.xcassets */ = {isa = PBXFileReference; lastKnownFileType = folder.assetcatalog; path = Assets.xcassets; sourceTree = "<group>"; };
		422195D022BD1D640083BF18 /* Base */ = {isa = PBXFileReference; lastKnownFileType = file.storyboard; name = Base; path = Base.lproj/LaunchScreen.storyboard; sourceTree = "<group>"; };
		422195D222BD1D640083BF18 /* Info.plist */ = {isa = PBXFileReference; lastKnownFileType = text.plist.xml; path = Info.plist; sourceTree = "<group>"; };
		422195D722BD1D650083BF18 /* calculatorTests.xctest */ = {isa = PBXFileReference; explicitFileType = wrapper.cfbundle; includeInIndex = 0; path = calculatorTests.xctest; sourceTree = BUILT_PRODUCTS_DIR; };
		422195DB22BD1D650083BF18 /* calculatorTests.swift */ = {isa = PBXFileReference; lastKnownFileType = sourcecode.swift; path = calculatorTests.swift; sourceTree = "<group>"; };
		422195DD22BD1D650083BF18 /* Info.plist */ = {isa = PBXFileReference; lastKnownFileType = text.plist.xml; path = Info.plist; sourceTree = "<group>"; };
		422195E222BD1D650083BF18 /* calculatorUITests.xctest */ = {isa = PBXFileReference; explicitFileType = wrapper.cfbundle; includeInIndex = 0; path = calculatorUITests.xctest; sourceTree = BUILT_PRODUCTS_DIR; };
		422195E622BD1D650083BF18 /* calculatorUITests.swift */ = {isa = PBXFileReference; lastKnownFileType = sourcecode.swift; path = calculatorUITests.swift; sourceTree = "<group>"; };
		422195E822BD1D650083BF18 /* Info.plist */ = {isa = PBXFileReference; lastKnownFileType = text.plist.xml; path = Info.plist; sourceTree = "<group>"; };
		4254381A22BE76A5004F1CCF /* ExpressionProccessor.swift */ = {isa = PBXFileReference; lastKnownFileType = sourcecode.swift; path = ExpressionProccessor.swift; sourceTree = "<group>"; };
		4254381C22BE7AD2004F1CCF /* String+Extensions.swift */ = {isa = PBXFileReference; lastKnownFileType = sourcecode.swift; path = "String+Extensions.swift"; sourceTree = "<group>"; };
		4280CE6D90FF4A7FF8E84B94 /* Pods_calculatorTests.framework */ = {isa = PBXFileReference; explicitFileType = wrapper.framework; includeInIndex = 0; path = Pods_calculatorTests.framework; sourceTree = BUILT_PRODUCTS_DIR; };
		428288AD22C16CC8002048F5 /* GraphView.swift */ = {isa = PBXFileReference; lastKnownFileType = sourcecode.swift; path = GraphView.swift; sourceTree = "<group>"; };
		93909F3D818D2E9C80CE134B /* Pods-calculator.debug.xcconfig */ = {isa = PBXFileReference; includeInIndex = 1; lastKnownFileType = text.xcconfig; name = "Pods-calculator.debug.xcconfig"; path = "../Pods/Target Support Files/Pods-calculator/Pods-calculator.debug.xcconfig"; sourceTree = "<group>"; };
		A4DF05A4E9283595D0878028 /* Pods-calculatorTests.debug.xcconfig */ = {isa = PBXFileReference; includeInIndex = 1; lastKnownFileType = text.xcconfig; name = "Pods-calculatorTests.debug.xcconfig"; path = "../Pods/Target Support Files/Pods-calculatorTests/Pods-calculatorTests.debug.xcconfig"; sourceTree = "<group>"; };
		A8882900DE24B9BF223C9DDB /* Pods-calculator.release.xcconfig */ = {isa = PBXFileReference; includeInIndex = 1; lastKnownFileType = text.xcconfig; name = "Pods-calculator.release.xcconfig"; path = "../Pods/Target Support Files/Pods-calculator/Pods-calculator.release.xcconfig"; sourceTree = "<group>"; };
/* End PBXFileReference section */

/* Begin PBXFrameworksBuildPhase section */
		422195BD22BD1D630083BF18 /* Frameworks */ = {
			isa = PBXFrameworksBuildPhase;
			buildActionMask = 2147483647;
			files = (
				FD8E7F8E57092D1419586AE9 /* Pods_calculator.framework in Frameworks */,
			);
			runOnlyForDeploymentPostprocessing = 0;
		};
		422195D422BD1D650083BF18 /* Frameworks */ = {
			isa = PBXFrameworksBuildPhase;
			buildActionMask = 2147483647;
			files = (
				D14E26FCF02324E9EA13330D /* Pods_calculatorTests.framework in Frameworks */,
			);
			runOnlyForDeploymentPostprocessing = 0;
		};
		422195DF22BD1D650083BF18 /* Frameworks */ = {
			isa = PBXFrameworksBuildPhase;
			buildActionMask = 2147483647;
			files = (
			);
			runOnlyForDeploymentPostprocessing = 0;
		};
/* End PBXFrameworksBuildPhase section */

/* Begin PBXGroup section */
		422195B722BD1D630083BF18 = {
			isa = PBXGroup;
			children = (
				422195C222BD1D630083BF18 /* calculator */,
				422195DA22BD1D650083BF18 /* calculatorTests */,
				422195E522BD1D650083BF18 /* calculatorUITests */,
				422195C122BD1D630083BF18 /* Products */,
				8BE571D6F43ACD27B7164110 /* Pods */,
				6B0096EA0E6FC7801ED0EAEA /* Frameworks */,
			);
			sourceTree = "<group>";
		};
		422195C122BD1D630083BF18 /* Products */ = {
			isa = PBXGroup;
			children = (
				422195C022BD1D630083BF18 /* calculator.app */,
				422195D722BD1D650083BF18 /* calculatorTests.xctest */,
				422195E222BD1D650083BF18 /* calculatorUITests.xctest */,
			);
			name = Products;
			sourceTree = "<group>";
		};
		422195C222BD1D630083BF18 /* calculator */ = {
			isa = PBXGroup;
			children = (
				422195C322BD1D630083BF18 /* AppDelegate.swift */,
				4254381A22BE76A5004F1CCF /* ExpressionProccessor.swift */,
				422195C522BD1D630083BF18 /* ViewController.swift */,
				4254381C22BE7AD2004F1CCF /* String+Extensions.swift */,
				422195C722BD1D630083BF18 /* Main.storyboard */,
				422195CD22BD1D640083BF18 /* Assets.xcassets */,
				422195CF22BD1D640083BF18 /* LaunchScreen.storyboard */,
				422195D222BD1D640083BF18 /* Info.plist */,
				422195CA22BD1D630083BF18 /* calculator.xcdatamodeld */,
				428288AD22C16CC8002048F5 /* GraphView.swift */,
			);
			path = calculator;
			sourceTree = "<group>";
		};
		422195DA22BD1D650083BF18 /* calculatorTests */ = {
			isa = PBXGroup;
			children = (
				422195DB22BD1D650083BF18 /* calculatorTests.swift */,
				422195DD22BD1D650083BF18 /* Info.plist */,
			);
			path = calculatorTests;
			sourceTree = "<group>";
		};
		422195E522BD1D650083BF18 /* calculatorUITests */ = {
			isa = PBXGroup;
			children = (
				422195E622BD1D650083BF18 /* calculatorUITests.swift */,
				422195E822BD1D650083BF18 /* Info.plist */,
			);
			path = calculatorUITests;
			sourceTree = "<group>";
		};
		6B0096EA0E6FC7801ED0EAEA /* Frameworks */ = {
			isa = PBXGroup;
			children = (
				141649D53F0F96D01F5D6CBD /* Pods_calculator.framework */,
				4280CE6D90FF4A7FF8E84B94 /* Pods_calculatorTests.framework */,
			);
			name = Frameworks;
			sourceTree = "<group>";
		};
		8BE571D6F43ACD27B7164110 /* Pods */ = {
			isa = PBXGroup;
			children = (
				93909F3D818D2E9C80CE134B /* Pods-calculator.debug.xcconfig */,
				A8882900DE24B9BF223C9DDB /* Pods-calculator.release.xcconfig */,
				A4DF05A4E9283595D0878028 /* Pods-calculatorTests.debug.xcconfig */,
				3A67CFD1554FCA8D030A1A2D /* Pods-calculatorTests.release.xcconfig */,
			);
			name = Pods;
			sourceTree = "<group>";
		};
/* End PBXGroup section */

/* Begin PBXNativeTarget section */
		422195BF22BD1D630083BF18 /* calculator */ = {
			isa = PBXNativeTarget;
			buildConfigurationList = 422195EB22BD1D650083BF18 /* Build configuration list for PBXNativeTarget "calculator" */;
			buildPhases = (
				809B313DA61AFDFF95F28E6E /* [CP] Check Pods Manifest.lock */,
				422195BC22BD1D630083BF18 /* Sources */,
				422195BD22BD1D630083BF18 /* Frameworks */,
				422195BE22BD1D630083BF18 /* Resources */,
				31123ECD57F90383993B4A21 /* [CP] Embed Pods Frameworks */,
			);
			buildRules = (
			);
			dependencies = (
			);
			name = calculator;
			productName = calculator;
			productReference = 422195C022BD1D630083BF18 /* calculator.app */;
			productType = "com.apple.product-type.application";
		};
		422195D622BD1D650083BF18 /* calculatorTests */ = {
			isa = PBXNativeTarget;
			buildConfigurationList = 422195EE22BD1D650083BF18 /* Build configuration list for PBXNativeTarget "calculatorTests" */;
			buildPhases = (
				EA2B4F130667ACD8253650E0 /* [CP] Check Pods Manifest.lock */,
				422195D322BD1D650083BF18 /* Sources */,
				422195D422BD1D650083BF18 /* Frameworks */,
				422195D522BD1D650083BF18 /* Resources */,
			);
			buildRules = (
			);
			dependencies = (
				422195D922BD1D650083BF18 /* PBXTargetDependency */,
			);
			name = calculatorTests;
			productName = calculatorTests;
			productReference = 422195D722BD1D650083BF18 /* calculatorTests.xctest */;
			productType = "com.apple.product-type.bundle.unit-test";
		};
		422195E122BD1D650083BF18 /* calculatorUITests */ = {
			isa = PBXNativeTarget;
			buildConfigurationList = 422195F122BD1D650083BF18 /* Build configuration list for PBXNativeTarget "calculatorUITests" */;
			buildPhases = (
				422195DE22BD1D650083BF18 /* Sources */,
				422195DF22BD1D650083BF18 /* Frameworks */,
				422195E022BD1D650083BF18 /* Resources */,
			);
			buildRules = (
			);
			dependencies = (
				422195E422BD1D650083BF18 /* PBXTargetDependency */,
			);
			name = calculatorUITests;
			productName = calculatorUITests;
			productReference = 422195E222BD1D650083BF18 /* calculatorUITests.xctest */;
			productType = "com.apple.product-type.bundle.ui-testing";
		};
/* End PBXNativeTarget section */

/* Begin PBXProject section */
		422195B822BD1D630083BF18 /* Project object */ = {
			isa = PBXProject;
			attributes = {
				LastSwiftUpdateCheck = 1020;
				LastUpgradeCheck = 1020;
				ORGANIZATIONNAME = pragmus;
				TargetAttributes = {
					422195BF22BD1D630083BF18 = {
						CreatedOnToolsVersion = 10.2.1;
					};
					422195D622BD1D650083BF18 = {
						CreatedOnToolsVersion = 10.2.1;
						TestTargetID = 422195BF22BD1D630083BF18;
					};
					422195E122BD1D650083BF18 = {
						CreatedOnToolsVersion = 10.2.1;
						TestTargetID = 422195BF22BD1D630083BF18;
					};
				};
			};
			buildConfigurationList = 422195BB22BD1D630083BF18 /* Build configuration list for PBXProject "calculator" */;
			compatibilityVersion = "Xcode 9.3";
			developmentRegion = en;
			hasScannedForEncodings = 0;
			knownRegions = (
				en,
				Base,
			);
			mainGroup = 422195B722BD1D630083BF18;
			productRefGroup = 422195C122BD1D630083BF18 /* Products */;
			projectDirPath = "";
			projectRoot = "";
			targets = (
				422195BF22BD1D630083BF18 /* calculator */,
				422195D622BD1D650083BF18 /* calculatorTests */,
				422195E122BD1D650083BF18 /* calculatorUITests */,
			);
		};
/* End PBXProject section */

/* Begin PBXResourcesBuildPhase section */
		422195BE22BD1D630083BF18 /* Resources */ = {
			isa = PBXResourcesBuildPhase;
			buildActionMask = 2147483647;
			files = (
				422195D122BD1D640083BF18 /* LaunchScreen.storyboard in Resources */,
				422195CE22BD1D640083BF18 /* Assets.xcassets in Resources */,
				422195C922BD1D630083BF18 /* Main.storyboard in Resources */,
			);
			runOnlyForDeploymentPostprocessing = 0;
		};
		422195D522BD1D650083BF18 /* Resources */ = {
			isa = PBXResourcesBuildPhase;
			buildActionMask = 2147483647;
			files = (
			);
			runOnlyForDeploymentPostprocessing = 0;
		};
		422195E022BD1D650083BF18 /* Resources */ = {
			isa = PBXResourcesBuildPhase;
			buildActionMask = 2147483647;
			files = (
			);
			runOnlyForDeploymentPostprocessing = 0;
		};
/* End PBXResourcesBuildPhase section */

/* Begin PBXShellScriptBuildPhase section */
		31123ECD57F90383993B4A21 /* [CP] Embed Pods Frameworks */ = {
			isa = PBXShellScriptBuildPhase;
			buildActionMask = 2147483647;
			files = (
			);
			inputFileListPaths = (
			);
			inputPaths = (
				"${SRCROOT}/../Pods/Target Support Files/Pods-calculator/Pods-calculator-frameworks.sh",
				"${BUILT_PRODUCTS_DIR}/Typist/Typist.framework",
			);
			name = "[CP] Embed Pods Frameworks";
			outputFileListPaths = (
			);
			outputPaths = (
				"${TARGET_BUILD_DIR}/${FRAMEWORKS_FOLDER_PATH}/Typist.framework",
			);
			runOnlyForDeploymentPostprocessing = 0;
			shellPath = /bin/sh;
			shellScript = "\"${SRCROOT}/../Pods/Target Support Files/Pods-calculator/Pods-calculator-frameworks.sh\"\n";
			showEnvVarsInLog = 0;
		};
		809B313DA61AFDFF95F28E6E /* [CP] Check Pods Manifest.lock */ = {
			isa = PBXShellScriptBuildPhase;
			buildActionMask = 2147483647;
			files = (
			);
			inputFileListPaths = (
			);
			inputPaths = (
				"${PODS_PODFILE_DIR_PATH}/Podfile.lock",
				"${PODS_ROOT}/Manifest.lock",
			);
			name = "[CP] Check Pods Manifest.lock";
			outputFileListPaths = (
			);
			outputPaths = (
				"$(DERIVED_FILE_DIR)/Pods-calculator-checkManifestLockResult.txt",
			);
			runOnlyForDeploymentPostprocessing = 0;
			shellPath = /bin/sh;
			shellScript = "diff \"${PODS_PODFILE_DIR_PATH}/Podfile.lock\" \"${PODS_ROOT}/Manifest.lock\" > /dev/null\nif [ $? != 0 ] ; then\n    # print error to STDERR\n    echo \"error: The sandbox is not in sync with the Podfile.lock. Run 'pod install' or update your CocoaPods installation.\" >&2\n    exit 1\nfi\n# This output is used by Xcode 'outputs' to avoid re-running this script phase.\necho \"SUCCESS\" > \"${SCRIPT_OUTPUT_FILE_0}\"\n";
			showEnvVarsInLog = 0;
		};
		EA2B4F130667ACD8253650E0 /* [CP] Check Pods Manifest.lock */ = {
			isa = PBXShellScriptBuildPhase;
			buildActionMask = 2147483647;
			files = (
			);
			inputFileListPaths = (
			);
			inputPaths = (
				"${PODS_PODFILE_DIR_PATH}/Podfile.lock",
				"${PODS_ROOT}/Manifest.lock",
			);
			name = "[CP] Check Pods Manifest.lock";
			outputFileListPaths = (
			);
			outputPaths = (
				"$(DERIVED_FILE_DIR)/Pods-calculatorTests-checkManifestLockResult.txt",
			);
			runOnlyForDeploymentPostprocessing = 0;
			shellPath = /bin/sh;
			shellScript = "diff \"${PODS_PODFILE_DIR_PATH}/Podfile.lock\" \"${PODS_ROOT}/Manifest.lock\" > /dev/null\nif [ $? != 0 ] ; then\n    # print error to STDERR\n    echo \"error: The sandbox is not in sync with the Podfile.lock. Run 'pod install' or update your CocoaPods installation.\" >&2\n    exit 1\nfi\n# This output is used by Xcode 'outputs' to avoid re-running this script phase.\necho \"SUCCESS\" > \"${SCRIPT_OUTPUT_FILE_0}\"\n";
			showEnvVarsInLog = 0;
		};
/* End PBXShellScriptBuildPhase section */

/* Begin PBXSourcesBuildPhase section */
		422195BC22BD1D630083BF18 /* Sources */ = {
			isa = PBXSourcesBuildPhase;
			buildActionMask = 2147483647;
			files = (
				4254381D22BE7AD2004F1CCF /* String+Extensions.swift in Sources */,
				4254381B22BE76A5004F1CCF /* ExpressionProccessor.swift in Sources */,
				422195C622BD1D630083BF18 /* ViewController.swift in Sources */,
				422195CC22BD1D630083BF18 /* calculator.xcdatamodeld in Sources */,
				422195C422BD1D630083BF18 /* AppDelegate.swift in Sources */,
				428288AE22C16CC8002048F5 /* GraphView.swift in Sources */,
			);
			runOnlyForDeploymentPostprocessing = 0;
		};
		422195D322BD1D650083BF18 /* Sources */ = {
			isa = PBXSourcesBuildPhase;
			buildActionMask = 2147483647;
			files = (
				422195DC22BD1D650083BF18 /* calculatorTests.swift in Sources */,
			);
			runOnlyForDeploymentPostprocessing = 0;
		};
		422195DE22BD1D650083BF18 /* Sources */ = {
			isa = PBXSourcesBuildPhase;
			buildActionMask = 2147483647;
			files = (
				422195E722BD1D650083BF18 /* calculatorUITests.swift in Sources */,
			);
			runOnlyForDeploymentPostprocessing = 0;
		};
/* End PBXSourcesBuildPhase section */

/* Begin PBXTargetDependency section */
		422195D922BD1D650083BF18 /* PBXTargetDependency */ = {
			isa = PBXTargetDependency;
			target = 422195BF22BD1D630083BF18 /* calculator */;
			targetProxy = 422195D822BD1D650083BF18 /* PBXContainerItemProxy */;
		};
		422195E422BD1D650083BF18 /* PBXTargetDependency */ = {
			isa = PBXTargetDependency;
			target = 422195BF22BD1D630083BF18 /* calculator */;
			targetProxy = 422195E322BD1D650083BF18 /* PBXContainerItemProxy */;
		};
/* End PBXTargetDependency section */

/* Begin PBXVariantGroup section */
		422195C722BD1D630083BF18 /* Main.storyboard */ = {
			isa = PBXVariantGroup;
			children = (
				422195C822BD1D630083BF18 /* Base */,
			);
			name = Main.storyboard;
			sourceTree = "<group>";
		};
		422195CF22BD1D640083BF18 /* LaunchScreen.storyboard */ = {
			isa = PBXVariantGroup;
			children = (
				422195D022BD1D640083BF18 /* Base */,
			);
			name = LaunchScreen.storyboard;
			sourceTree = "<group>";
		};
/* End PBXVariantGroup section */

/* Begin XCBuildConfiguration section */
		422195E922BD1D650083BF18 /* Debug */ = {
			isa = XCBuildConfiguration;
			buildSettings = {
				ALWAYS_SEARCH_USER_PATHS = NO;
				CLANG_ANALYZER_NONNULL = YES;
				CLANG_ANALYZER_NUMBER_OBJECT_CONVERSION = YES_AGGRESSIVE;
				CLANG_CXX_LANGUAGE_STANDARD = "gnu++14";
				CLANG_CXX_LIBRARY = "libc++";
				CLANG_ENABLE_MODULES = YES;
				CLANG_ENABLE_OBJC_ARC = YES;
				CLANG_ENABLE_OBJC_WEAK = YES;
				CLANG_WARN_BLOCK_CAPTURE_AUTORELEASING = YES;
				CLANG_WARN_BOOL_CONVERSION = YES;
				CLANG_WARN_COMMA = YES;
				CLANG_WARN_CONSTANT_CONVERSION = YES;
				CLANG_WARN_DEPRECATED_OBJC_IMPLEMENTATIONS = YES;
				CLANG_WARN_DIRECT_OBJC_ISA_USAGE = YES_ERROR;
				CLANG_WARN_DOCUMENTATION_COMMENTS = YES;
				CLANG_WARN_EMPTY_BODY = YES;
				CLANG_WARN_ENUM_CONVERSION = YES;
				CLANG_WARN_INFINITE_RECURSION = YES;
				CLANG_WARN_INT_CONVERSION = YES;
				CLANG_WARN_NON_LITERAL_NULL_CONVERSION = YES;
				CLANG_WARN_OBJC_IMPLICIT_RETAIN_SELF = YES;
				CLANG_WARN_OBJC_LITERAL_CONVERSION = YES;
				CLANG_WARN_OBJC_ROOT_CLASS = YES_ERROR;
				CLANG_WARN_RANGE_LOOP_ANALYSIS = YES;
				CLANG_WARN_STRICT_PROTOTYPES = YES;
				CLANG_WARN_SUSPICIOUS_MOVE = YES;
				CLANG_WARN_UNGUARDED_AVAILABILITY = YES_AGGRESSIVE;
				CLANG_WARN_UNREACHABLE_CODE = YES;
				CLANG_WARN__DUPLICATE_METHOD_MATCH = YES;
				CODE_SIGN_IDENTITY = "iPhone Developer";
				COPY_PHASE_STRIP = NO;
				DEBUG_INFORMATION_FORMAT = dwarf;
				ENABLE_STRICT_OBJC_MSGSEND = YES;
				ENABLE_TESTABILITY = YES;
				GCC_C_LANGUAGE_STANDARD = gnu11;
				GCC_DYNAMIC_NO_PIC = NO;
				GCC_NO_COMMON_BLOCKS = YES;
				GCC_OPTIMIZATION_LEVEL = 0;
				GCC_PREPROCESSOR_DEFINITIONS = (
					"DEBUG=1",
					"$(inherited)",
				);
				GCC_WARN_64_TO_32_BIT_CONVERSION = YES;
				GCC_WARN_ABOUT_RETURN_TYPE = YES_ERROR;
				GCC_WARN_UNDECLARED_SELECTOR = YES;
				GCC_WARN_UNINITIALIZED_AUTOS = YES_AGGRESSIVE;
				GCC_WARN_UNUSED_FUNCTION = YES;
				GCC_WARN_UNUSED_VARIABLE = YES;
				IPHONEOS_DEPLOYMENT_TARGET = 12.2;
				MTL_ENABLE_DEBUG_INFO = INCLUDE_SOURCE;
				MTL_FAST_MATH = YES;
				ONLY_ACTIVE_ARCH = YES;
				SDKROOT = iphoneos;
				SWIFT_ACTIVE_COMPILATION_CONDITIONS = DEBUG;
				SWIFT_OPTIMIZATION_LEVEL = "-Onone";
			};
			name = Debug;
		};
		422195EA22BD1D650083BF18 /* Release */ = {
			isa = XCBuildConfiguration;
			buildSettings = {
				ALWAYS_SEARCH_USER_PATHS = NO;
				CLANG_ANALYZER_NONNULL = YES;
				CLANG_ANALYZER_NUMBER_OBJECT_CONVERSION = YES_AGGRESSIVE;
				CLANG_CXX_LANGUAGE_STANDARD = "gnu++14";
				CLANG_CXX_LIBRARY = "libc++";
				CLANG_ENABLE_MODULES = YES;
				CLANG_ENABLE_OBJC_ARC = YES;
				CLANG_ENABLE_OBJC_WEAK = YES;
				CLANG_WARN_BLOCK_CAPTURE_AUTORELEASING = YES;
				CLANG_WARN_BOOL_CONVERSION = YES;
				CLANG_WARN_COMMA = YES;
				CLANG_WARN_CONSTANT_CONVERSION = YES;
				CLANG_WARN_DEPRECATED_OBJC_IMPLEMENTATIONS = YES;
				CLANG_WARN_DIRECT_OBJC_ISA_USAGE = YES_ERROR;
				CLANG_WARN_DOCUMENTATION_COMMENTS = YES;
				CLANG_WARN_EMPTY_BODY = YES;
				CLANG_WARN_ENUM_CONVERSION = YES;
				CLANG_WARN_INFINITE_RECURSION = YES;
				CLANG_WARN_INT_CONVERSION = YES;
				CLANG_WARN_NON_LITERAL_NULL_CONVERSION = YES;
				CLANG_WARN_OBJC_IMPLICIT_RETAIN_SELF = YES;
				CLANG_WARN_OBJC_LITERAL_CONVERSION = YES;
				CLANG_WARN_OBJC_ROOT_CLASS = YES_ERROR;
				CLANG_WARN_RANGE_LOOP_ANALYSIS = YES;
				CLANG_WARN_STRICT_PROTOTYPES = YES;
				CLANG_WARN_SUSPICIOUS_MOVE = YES;
				CLANG_WARN_UNGUARDED_AVAILABILITY = YES_AGGRESSIVE;
				CLANG_WARN_UNREACHABLE_CODE = YES;
				CLANG_WARN__DUPLICATE_METHOD_MATCH = YES;
				CODE_SIGN_IDENTITY = "iPhone Developer";
				COPY_PHASE_STRIP = NO;
				DEBUG_INFORMATION_FORMAT = "dwarf-with-dsym";
				ENABLE_NS_ASSERTIONS = NO;
				ENABLE_STRICT_OBJC_MSGSEND = YES;
				GCC_C_LANGUAGE_STANDARD = gnu11;
				GCC_NO_COMMON_BLOCKS = YES;
				GCC_WARN_64_TO_32_BIT_CONVERSION = YES;
				GCC_WARN_ABOUT_RETURN_TYPE = YES_ERROR;
				GCC_WARN_UNDECLARED_SELECTOR = YES;
				GCC_WARN_UNINITIALIZED_AUTOS = YES_AGGRESSIVE;
				GCC_WARN_UNUSED_FUNCTION = YES;
				GCC_WARN_UNUSED_VARIABLE = YES;
				IPHONEOS_DEPLOYMENT_TARGET = 12.2;
				MTL_ENABLE_DEBUG_INFO = NO;
				MTL_FAST_MATH = YES;
				SDKROOT = iphoneos;
				SWIFT_COMPILATION_MODE = wholemodule;
				SWIFT_OPTIMIZATION_LEVEL = "-O";
				VALIDATE_PRODUCT = YES;
			};
			name = Release;
		};
		422195EC22BD1D650083BF18 /* Debug */ = {
			isa = XCBuildConfiguration;
			baseConfigurationReference = 93909F3D818D2E9C80CE134B /* Pods-calculator.debug.xcconfig */;
			buildSettings = {
				ASSETCATALOG_COMPILER_APPICON_NAME = AppIcon;
				CODE_SIGN_STYLE = Automatic;
				DEVELOPMENT_TEAM = YJJ26CF86A;
				INFOPLIST_FILE = calculator/Info.plist;
				LD_RUNPATH_SEARCH_PATHS = (
					"$(inherited)",
					"@executable_path/Frameworks",
				);
				PRODUCT_BUNDLE_IDENTIFIER = lapragmus.calculator;
				PRODUCT_NAME = "$(TARGET_NAME)";
				SWIFT_VERSION = 5.0;
				TARGETED_DEVICE_FAMILY = "1,2";
			};
			name = Debug;
		};
		422195ED22BD1D650083BF18 /* Release */ = {
			isa = XCBuildConfiguration;
			baseConfigurationReference = A8882900DE24B9BF223C9DDB /* Pods-calculator.release.xcconfig */;
			buildSettings = {
				ASSETCATALOG_COMPILER_APPICON_NAME = AppIcon;
				CODE_SIGN_STYLE = Automatic;
				DEVELOPMENT_TEAM = YJJ26CF86A;
				INFOPLIST_FILE = calculator/Info.plist;
				LD_RUNPATH_SEARCH_PATHS = (
					"$(inherited)",
					"@executable_path/Frameworks",
				);
				PRODUCT_BUNDLE_IDENTIFIER = lapragmus.calculator;
				PRODUCT_NAME = "$(TARGET_NAME)";
				SWIFT_VERSION = 5.0;
				TARGETED_DEVICE_FAMILY = "1,2";
			};
			name = Release;
		};
		422195EF22BD1D650083BF18 /* Debug */ = {
			isa = XCBuildConfiguration;
			baseConfigurationReference = A4DF05A4E9283595D0878028 /* Pods-calculatorTests.debug.xcconfig */;
			buildSettings = {
				ALWAYS_EMBED_SWIFT_STANDARD_LIBRARIES = YES;
				BUNDLE_LOADER = "$(TEST_HOST)";
				CODE_SIGN_STYLE = Automatic;
				DEVELOPMENT_TEAM = YJJ26CF86A;
				INFOPLIST_FILE = calculatorTests/Info.plist;
				LD_RUNPATH_SEARCH_PATHS = (
					"$(inherited)",
					"@executable_path/Frameworks",
					"@loader_path/Frameworks",
				);
				PRODUCT_BUNDLE_IDENTIFIER = lapragmus.calculatorTests;
				PRODUCT_NAME = "$(TARGET_NAME)";
				SWIFT_VERSION = 5.0;
				TARGETED_DEVICE_FAMILY = "1,2";
				TEST_HOST = "$(BUILT_PRODUCTS_DIR)/calculator.app/calculator";
			};
			name = Debug;
		};
		422195F022BD1D650083BF18 /* Release */ = {
			isa = XCBuildConfiguration;
			baseConfigurationReference = 3A67CFD1554FCA8D030A1A2D /* Pods-calculatorTests.release.xcconfig */;
			buildSettings = {
				ALWAYS_EMBED_SWIFT_STANDARD_LIBRARIES = YES;
				BUNDLE_LOADER = "$(TEST_HOST)";
				CODE_SIGN_STYLE = Automatic;
				DEVELOPMENT_TEAM = YJJ26CF86A;
				INFOPLIST_FILE = calculatorTests/Info.plist;
				LD_RUNPATH_SEARCH_PATHS = (
					"$(inherited)",
					"@executable_path/Frameworks",
					"@loader_path/Frameworks",
				);
				PRODUCT_BUNDLE_IDENTIFIER = lapragmus.calculatorTests;
				PRODUCT_NAME = "$(TARGET_NAME)";
				SWIFT_VERSION = 5.0;
				TARGETED_DEVICE_FAMILY = "1,2";
				TEST_HOST = "$(BUILT_PRODUCTS_DIR)/calculator.app/calculator";
			};
			name = Release;
		};
		422195F222BD1D650083BF18 /* Debug */ = {
			isa = XCBuildConfiguration;
			buildSettings = {
				ALWAYS_EMBED_SWIFT_STANDARD_LIBRARIES = YES;
				CODE_SIGN_STYLE = Automatic;
				DEVELOPMENT_TEAM = YJJ26CF86A;
				INFOPLIST_FILE = calculatorUITests/Info.plist;
				LD_RUNPATH_SEARCH_PATHS = (
					"$(inherited)",
					"@executable_path/Frameworks",
					"@loader_path/Frameworks",
				);
				PRODUCT_BUNDLE_IDENTIFIER = lapragmus.calculatorUITests;
				PRODUCT_NAME = "$(TARGET_NAME)";
				SWIFT_VERSION = 5.0;
				TARGETED_DEVICE_FAMILY = "1,2";
				TEST_TARGET_NAME = calculator;
			};
			name = Debug;
		};
		422195F322BD1D650083BF18 /* Release */ = {
			isa = XCBuildConfiguration;
			buildSettings = {
				ALWAYS_EMBED_SWIFT_STANDARD_LIBRARIES = YES;
				CODE_SIGN_STYLE = Automatic;
				DEVELOPMENT_TEAM = YJJ26CF86A;
				INFOPLIST_FILE = calculatorUITests/Info.plist;
				LD_RUNPATH_SEARCH_PATHS = (
					"$(inherited)",
					"@executable_path/Frameworks",
					"@loader_path/Frameworks",
				);
				PRODUCT_BUNDLE_IDENTIFIER = lapragmus.calculatorUITests;
				PRODUCT_NAME = "$(TARGET_NAME)";
				SWIFT_VERSION = 5.0;
				TARGETED_DEVICE_FAMILY = "1,2";
				TEST_TARGET_NAME = calculator;
			};
			name = Release;
		};
/* End XCBuildConfiguration section */

/* Begin XCConfigurationList section */
		422195BB22BD1D630083BF18 /* Build configuration list for PBXProject "calculator" */ = {
			isa = XCConfigurationList;
			buildConfigurations = (
				422195E922BD1D650083BF18 /* Debug */,
				422195EA22BD1D650083BF18 /* Release */,
			);
			defaultConfigurationIsVisible = 0;
			defaultConfigurationName = Release;
		};
		422195EB22BD1D650083BF18 /* Build configuration list for PBXNativeTarget "calculator" */ = {
			isa = XCConfigurationList;
			buildConfigurations = (
				422195EC22BD1D650083BF18 /* Debug */,
				422195ED22BD1D650083BF18 /* Release */,
			);
			defaultConfigurationIsVisible = 0;
			defaultConfigurationName = Release;
		};
		422195EE22BD1D650083BF18 /* Build configuration list for PBXNativeTarget "calculatorTests" */ = {
			isa = XCConfigurationList;
			buildConfigurations = (
				422195EF22BD1D650083BF18 /* Debug */,
				422195F022BD1D650083BF18 /* Release */,
			);
			defaultConfigurationIsVisible = 0;
			defaultConfigurationName = Release;
		};
		422195F122BD1D650083BF18 /* Build configuration list for PBXNativeTarget "calculatorUITests" */ = {
			isa = XCConfigurationList;
			buildConfigurations = (
				422195F222BD1D650083BF18 /* Debug */,
				422195F322BD1D650083BF18 /* Release */,
			);
			defaultConfigurationIsVisible = 0;
			defaultConfigurationName = Release;
		};
/* End XCConfigurationList section */

/* Begin XCVersionGroup section */
		422195CA22BD1D630083BF18 /* calculator.xcdatamodeld */ = {
			isa = XCVersionGroup;
			children = (
				422195CB22BD1D630083BF18 /* calculator.xcdatamodel */,
			);
			currentVersion = 422195CB22BD1D630083BF18 /* calculator.xcdatamodel */;
			path = calculator.xcdatamodeld;
			sourceTree = "<group>";
			versionGroupType = wrapper.xcdatamodel;
		};
/* End XCVersionGroup section */
	};
	rootObject = 422195B822BD1D630083BF18 /* Project object */;
}
